[[package]]
name = "tests"
version = "0.0.0"
dependencies = [
 "wasm-glue 0.1.0 (registry+https://github.com/rust-lang/crates.io-index)",
]

[[package]]
name = "wasm-glue"
version = "0.1.0"
source = "registry+https://github.com/rust-lang/crates.io-index"

[metadata]
"checksum wasm-glue 0.1.0 (registry+https://github.com/rust-lang/crates.io-index)" = "8ba38b8ce66d733de7eeba00afc18f47fbc1bbb1d489bcdb53fb8e8691e5d4b9"
